
Microsoft Visual Studio Solution File, Format Version 12.00
# Visual Studio Version 16
VisualStudioVersion = 16.0.30717.126
MinimumVisualStudioVersion = 10.0.40219.1
Project("{FAE04EC0-301F-11D3-BF4B-00C04F79EFBC}") = "PetsLibrary", "PetsLibrary\PetsLibrary.csproj", "{38E0B49B-A9FE-4101-8602-A6E6E87F0B91}"
EndProject
Global
	GlobalSection(SolutionConfigurationPlatforms) = preSolution
		Debug|Any CPU = Debug|Any CPU
		Release|Any CPU = Release|Any CPU
	EndGlobalSection
	GlobalSection(ProjectConfigurationPlatforms) = postSolution
		{38E0B49B-A9FE-4101-8602-A6E6E87F0B91}.Debug|Any CPU.ActiveCfg = Debug|Any CPU
		{38E0B49B-A9FE-4101-8602-A6E6E87F0B91}.Debug|Any CPU.Build.0 = Debug|Any CPU
		{38E0B49B-A9FE-4101-8602-A6E6E87F0B91}.Release|Any CPU.ActiveCfg = Release|Any CPU
		{38E0B49B-A9FE-4101-8602-A6E6E87F0B91}.Release|Any CPU.Build.0 = Release|Any CPU
	EndGlobalSection
	GlobalSection(SolutionProperties) = preSolution
		HideSolutionNode = FALSE
	EndGlobalSection
	GlobalSection(ExtensibilityGlobals) = postSolution
		SolutionGuid = {9575BB65-0D07-4354-B87A-6E76296D8F48}
	EndGlobalSection
EndGlobal
